Microsoft Visual Studio Solution File, Format Version 12.00
# Visual Studio 15
VisualStudioVersion = 15.0.27428.2027
MinimumVisualStudioVersion = 10.0.40219.1
Project("{9A19103F-16F7-4668-BE54-9A1E7A4F7556}") = "ProductApi", "ProductApi\ProductApi.csproj", "{95046DA7-3EC7-427A-9E13-3BF79924A98B}"
EndProject
Project("{9A19103F-16F7-4668-BE54-9A1E7A4F7556}") = "OrderApi", "OrderApi\OrderApi.csproj", "{60EAC311-B1A2-411E-AFBB-285C051B3FE8}"
EndProject
Project("{9A19103F-16F7-4668-BE54-9A1E7A4F7556}") = "CustomerApi", "CustomerApi\CustomerApi.csproj", "{96788CB8-42F1-4377-A2D5-45B8976CBDC6}"
EndProject
Project("{E53339B2-1760-4266-BCC7-CA923CBCF16C}") = "docker-compose", "docker-compose.dcproj", "{6488EEEE-C805-4D0F-9A01-703AE4F3A683}"
EndProject
Global
	GlobalSection(SolutionConfigurationPlatforms) = preSolution
		Debug|Any CPU = Debug|Any CPU
		Release|Any CPU = Release|Any CPU
	EndGlobalSection
	GlobalSection(ProjectConfigurationPlatforms) = postSolution
		{95046DA7-3EC7-427A-9E13-3BF79924A98B}.Debug|Any CPU.ActiveCfg = Debug|Any CPU
		{95046DA7-3EC7-427A-9E13-3BF79924A98B}.Debug|Any CPU.Build.0 = Debug|Any CPU
		{95046DA7-3EC7-427A-9E13-3BF79924A98B}.Release|Any CPU.ActiveCfg = Release|Any CPU
		{95046DA7-3EC7-427A-9E13-3BF79924A98B}.Release|Any CPU.Build.0 = Release|Any CPU
		{60EAC311-B1A2-411E-AFBB-285C051B3FE8}.Debug|Any CPU.ActiveCfg = Debug|Any CPU
		{60EAC311-B1A2-411E-AFBB-285C051B3FE8}.Debug|Any CPU.Build.0 = Debug|Any CPU
		{60EAC311-B1A2-411E-AFBB-285C051B3FE8}.Release|Any CPU.ActiveCfg = Release|Any CPU
		{60EAC311-B1A2-411E-AFBB-285C051B3FE8}.Release|Any CPU.Build.0 = Release|Any CPU
		{96788CB8-42F1-4377-A2D5-45B8976CBDC6}.Debug|Any CPU.ActiveCfg = Debug|Any CPU
		{96788CB8-42F1-4377-A2D5-45B8976CBDC6}.Debug|Any CPU.Build.0 = Debug|Any CPU
		{96788CB8-42F1-4377-A2D5-45B8976CBDC6}.Release|Any CPU.ActiveCfg = Release|Any CPU
		{96788CB8-42F1-4377-A2D5-45B8976CBDC6}.Release|Any CPU.Build.0 = Release|Any CPU
		{6488EEEE-C805-4D0F-9A01-703AE4F3A683}.Debug|Any CPU.ActiveCfg = Debug|Any CPU
		{6488EEEE-C805-4D0F-9A01-703AE4F3A683}.Debug|Any CPU.Build.0 = Debug|Any CPU
		{6488EEEE-C805-4D0F-9A01-703AE4F3A683}.Release|Any CPU.ActiveCfg = Release|Any CPU
		{6488EEEE-C805-4D0F-9A01-703AE4F3A683}.Release|Any CPU.Build.0 = Release|Any CPU
	EndGlobalSection
	GlobalSection(SolutionProperties) = preSolution
		HideSolutionNode = FALSE
	EndGlobalSection
	GlobalSection(ExtensibilityGlobals) = postSolution
		SolutionGuid = {B90FF3D4-C10B-4414-B993-571D73E07C3B}
	EndGlobalSection
EndGlobal
